
Microsoft Visual Studio Solution File, Format Version 12.00
# Visual Studio Version 17
VisualStudioVersion = 17.1.32210.238
MinimumVisualStudioVersion = 10.0.40219.1
Project("{9A19103F-16F7-4668-BE54-9A1E7A4F7556}") = "POSHWeb", "POSHWeb\POSHWeb.csproj", "{41C0DFAE-7E09-40F1-9615-420CD720EA17}"
EndProject
Project("{9A19103F-16F7-4668-BE54-9A1E7A4F7556}") = "POSHWeb.ScriptRunner", "POSHWeb.ScriptRunner\POSHWeb.ScriptRunner.csproj", "{C550F447-216A-41EC-ADFB-A2BF880E9518}"
EndProject
Project("{9A19103F-16F7-4668-BE54-9A1E7A4F7556}") = "POSHWebTests", "POSHWeb.Tests\POSHWebTests.csproj", "{D47CEE25-DEE6-4206-B12A-3E056BBB63DB}"
EndProject
Project("{9A19103F-16F7-4668-BE54-9A1E7A4F7556}") = "POSHWeb.Scheduler", "POSHWeb.Scheduler\POSHWeb.Scheduler.csproj", "{3594B921-C731-461F-8D8A-A4CCD148743C}"
EndProject
Project("{9A19103F-16F7-4668-BE54-9A1E7A4F7556}") = "POSHWeb.Environment", "POSHWeb.Environment\POSHWeb.Environment.csproj", "{1960163D-CD5F-4F84-94CE-40E8FE1DF5D4}"
EndProject
Project("{9A19103F-16F7-4668-BE54-9A1E7A4F7556}") = "POSHWeb.EnvironmentTests", "POSHWeb.EnvironmentTests\POSHWeb.EnvironmentTests.csproj", "{2080BC4B-2E34-4ED0-9780-E8B43B30E865}"
EndProject
Project("{FAE04EC0-301F-11D3-BF4B-00C04F79EFBC}") = "POSHWeb.Environment.Remote", "POSHWeb.Environment.Remote\POSHWeb.Environment.Remote.csproj", "{9C9EBB1C-FC17-44F0-A50A-28CB177BC50C}"
EndProject
Project("{FAE04EC0-301F-11D3-BF4B-00C04F79EFBC}") = "POSHWeb.Common", "POSHWeb.Common\POSHWeb.Common.csproj", "{7B111068-48AB-49DE-A840-5D4BD5E223BE}"
EndProject
Project("{FAE04EC0-301F-11D3-BF4B-00C04F79EFBC}") = "POSHWeb.SchedulerTest", "POSHWeb.SchedulerTest\POSHWeb.SchedulerTest.csproj", "{407DC77C-6A00-4334-B681-0244BA6D6293}"
EndProject
Global
	GlobalSection(SolutionConfigurationPlatforms) = preSolution
		Debug|Any CPU = Debug|Any CPU
		Release|Any CPU = Release|Any CPU
	EndGlobalSection
	GlobalSection(ProjectConfigurationPlatforms) = postSolution
		{41C0DFAE-7E09-40F1-9615-420CD720EA17}.Debug|Any CPU.ActiveCfg = Debug|Any CPU
		{41C0DFAE-7E09-40F1-9615-420CD720EA17}.Debug|Any CPU.Build.0 = Debug|Any CPU
		{41C0DFAE-7E09-40F1-9615-420CD720EA17}.Release|Any CPU.ActiveCfg = Release|Any CPU
		{41C0DFAE-7E09-40F1-9615-420CD720EA17}.Release|Any CPU.Build.0 = Release|Any CPU
		{C550F447-216A-41EC-ADFB-A2BF880E9518}.Debug|Any CPU.ActiveCfg = Debug|Any CPU
		{C550F447-216A-41EC-ADFB-A2BF880E9518}.Debug|Any CPU.Build.0 = Debug|Any CPU
		{C550F447-216A-41EC-ADFB-A2BF880E9518}.Release|Any CPU.ActiveCfg = Release|Any CPU
		{C550F447-216A-41EC-ADFB-A2BF880E9518}.Release|Any CPU.Build.0 = Release|Any CPU
		{D47CEE25-DEE6-4206-B12A-3E056BBB63DB}.Debug|Any CPU.ActiveCfg = Debug|Any CPU
		{D47CEE25-DEE6-4206-B12A-3E056BBB63DB}.Debug|Any CPU.Build.0 = Debug|Any CPU
		{D47CEE25-DEE6-4206-B12A-3E056BBB63DB}.Release|Any CPU.ActiveCfg = Release|Any CPU
		{D47CEE25-DEE6-4206-B12A-3E056BBB63DB}.Release|Any CPU.Build.0 = Release|Any CPU
		{3594B921-C731-461F-8D8A-A4CCD148743C}.Debug|Any CPU.ActiveCfg = Debug|Any CPU
		{3594B921-C731-461F-8D8A-A4CCD148743C}.Debug|Any CPU.Build.0 = Debug|Any CPU
		{3594B921-C731-461F-8D8A-A4CCD148743C}.Release|Any CPU.ActiveCfg = Release|Any CPU
		{3594B921-C731-461F-8D8A-A4CCD148743C}.Release|Any CPU.Build.0 = Release|Any CPU
		{1960163D-CD5F-4F84-94CE-40E8FE1DF5D4}.Debug|Any CPU.ActiveCfg = Debug|Any CPU
		{1960163D-CD5F-4F84-94CE-40E8FE1DF5D4}.Debug|Any CPU.Build.0 = Debug|Any CPU
		{1960163D-CD5F-4F84-94CE-40E8FE1DF5D4}.Release|Any CPU.ActiveCfg = Release|Any CPU
		{1960163D-CD5F-4F84-94CE-40E8FE1DF5D4}.Release|Any CPU.Build.0 = Release|Any CPU
		{2080BC4B-2E34-4ED0-9780-E8B43B30E865}.Debug|Any CPU.ActiveCfg = Debug|Any CPU
		{2080BC4B-2E34-4ED0-9780-E8B43B30E865}.Debug|Any CPU.Build.0 = Debug|Any CPU
		{2080BC4B-2E34-4ED0-9780-E8B43B30E865}.Release|Any CPU.ActiveCfg = Release|Any CPU
		{2080BC4B-2E34-4ED0-9780-E8B43B30E865}.Release|Any CPU.Build.0 = Release|Any CPU
		{9C9EBB1C-FC17-44F0-A50A-28CB177BC50C}.Debug|Any CPU.ActiveCfg = Debug|Any CPU
		{9C9EBB1C-FC17-44F0-A50A-28CB177BC50C}.Debug|Any CPU.Build.0 = Debug|Any CPU
		{9C9EBB1C-FC17-44F0-A50A-28CB177BC50C}.Release|Any CPU.ActiveCfg = Release|Any CPU
		{9C9EBB1C-FC17-44F0-A50A-28CB177BC50C}.Release|Any CPU.Build.0 = Release|Any CPU
		{7B111068-48AB-49DE-A840-5D4BD5E223BE}.Debug|Any CPU.ActiveCfg = Debug|Any CPU
		{7B111068-48AB-49DE-A840-5D4BD5E223BE}.Debug|Any CPU.Build.0 = Debug|Any CPU
		{7B111068-48AB-49DE-A840-5D4BD5E223BE}.Release|Any CPU.ActiveCfg = Release|Any CPU
		{7B111068-48AB-49DE-A840-5D4BD5E223BE}.Release|Any CPU.Build.0 = Release|Any CPU
		{407DC77C-6A00-4334-B681-0244BA6D6293}.Debug|Any CPU.ActiveCfg = Debug|Any CPU
		{407DC77C-6A00-4334-B681-0244BA6D6293}.Debug|Any CPU.Build.0 = Debug|Any CPU
		{407DC77C-6A00-4334-B681-0244BA6D6293}.Release|Any CPU.ActiveCfg = Release|Any CPU
		{407DC77C-6A00-4334-B681-0244BA6D6293}.Release|Any CPU.Build.0 = Release|Any CPU
	EndGlobalSection
	GlobalSection(SolutionProperties) = preSolution
		HideSolutionNode = FALSE
	EndGlobalSection
	GlobalSection(ExtensibilityGlobals) = postSolution
		SolutionGuid = {5693D3B5-98D9-45D1-B0D9-9DC45D704C74}
	EndGlobalSection
EndGlobal
